
Microsoft Visual Studio Solution File, Format Version 12.00
# Visual Studio Version 17
VisualStudioVersion = 17.3.32825.248
MinimumVisualStudioVersion = 10.0.40219.1
Project("{FAE04EC0-301F-11D3-BF4B-00C04F79EFBC}") = "ifpractice", "ifpractice\ifpractice.csproj", "{1EC1CE54-5CB8-4389-BD1B-E571570F026F}"
EndProject
Global
	GlobalSection(SolutionConfigurationPlatforms) = preSolution
		Debug|Any CPU = Debug|Any CPU
		Release|Any CPU = Release|Any CPU
	EndGlobalSection
	GlobalSection(ProjectConfigurationPlatforms) = postSolution
		{1EC1CE54-5CB8-4389-BD1B-E571570F026F}.Debug|Any CPU.ActiveCfg = Debug|Any CPU
		{1EC1CE54-5CB8-4389-BD1B-E571570F026F}.Debug|Any CPU.Build.0 = Debug|Any CPU
		{1EC1CE54-5CB8-4389-BD1B-E571570F026F}.Release|Any CPU.ActiveCfg = Release|Any CPU
		{1EC1CE54-5CB8-4389-BD1B-E571570F026F}.Release|Any CPU.Build.0 = Release|Any CPU
	EndGlobalSection
	GlobalSection(SolutionProperties) = preSolution
		HideSolutionNode = FALSE
	EndGlobalSection
	GlobalSection(ExtensibilityGlobals) = postSolution
		SolutionGuid = {5FF05CF0-7060-4B29-A658-31FBA5C1B08E}
	EndGlobalSection
EndGlobal
